
Microsoft Visual Studio Solution File, Format Version 12.00
# Visual Studio Version 17
VisualStudioVersion = 17.9.34714.143
MinimumVisualStudioVersion = 10.0.40219.1
Project("{9A19103F-16F7-4668-BE54-9A1E7A4F7556}") = "Labb4_Enhetstestning", "Labb4_Enhetstestning.csproj", "{C7041230-53FF-44B8-A9BB-69AD6E762D41}"
EndProject
Project("{9A19103F-16F7-4668-BE54-9A1E7A4F7556}") = "Labb4_EnhetstestningTests", "..\Labb4_EnhetstestningTests\Labb4_EnhetstestningTests.csproj", "{05302E2C-6ADE-445B-98DB-9394A3EE2275}"
EndProject
Global
	GlobalSection(SolutionConfigurationPlatforms) = preSolution
		Debug|Any CPU = Debug|Any CPU
		Release|Any CPU = Release|Any CPU
	EndGlobalSection
	GlobalSection(ProjectConfigurationPlatforms) = postSolution
		{C7041230-53FF-44B8-A9BB-69AD6E762D41}.Debug|Any CPU.ActiveCfg = Debug|Any CPU
		{C7041230-53FF-44B8-A9BB-69AD6E762D41}.Debug|Any CPU.Build.0 = Debug|Any CPU
		{C7041230-53FF-44B8-A9BB-69AD6E762D41}.Release|Any CPU.ActiveCfg = Release|Any CPU
		{C7041230-53FF-44B8-A9BB-69AD6E762D41}.Release|Any CPU.Build.0 = Release|Any CPU
		{05302E2C-6ADE-445B-98DB-9394A3EE2275}.Debug|Any CPU.ActiveCfg = Debug|Any CPU
		{05302E2C-6ADE-445B-98DB-9394A3EE2275}.Debug|Any CPU.Build.0 = Debug|Any CPU
		{05302E2C-6ADE-445B-98DB-9394A3EE2275}.Release|Any CPU.ActiveCfg = Release|Any CPU
		{05302E2C-6ADE-445B-98DB-9394A3EE2275}.Release|Any CPU.Build.0 = Release|Any CPU
	EndGlobalSection
	GlobalSection(SolutionProperties) = preSolution
		HideSolutionNode = FALSE
	EndGlobalSection
	GlobalSection(ExtensibilityGlobals) = postSolution
		SolutionGuid = {69586A76-9B20-455E-9978-E0F420767000}
	EndGlobalSection
EndGlobal
